
Microsoft Visual Studio Solution File, Format Version 12.00
# Visual Studio 2012
Project("{8BC9CEB8-8B4A-11D0-8D11-00A0C91BC942}") = "Boid", "Boid\Boid.vcxproj", "{60CE3EB6-35FD-4F7C-854F-1E00EA3471E9}"
EndProject
Global
	GlobalSection(SolutionConfigurationPlatforms) = preSolution
		Debug|Win32 = Debug|Win32
		Debug|x64 = Debug|x64
		Release|Win32 = Release|Win32
		Release|x64 = Release|x64
		Win64Debug|Win32 = Win64Debug|Win32
		Win64Debug|x64 = Win64Debug|x64
		Win64Release|Win32 = Win64Release|Win32
		Win64Release|x64 = Win64Release|x64
	EndGlobalSection
	GlobalSection(ProjectConfigurationPlatforms) = postSolution
		{60CE3EB6-35FD-4F7C-854F-1E00EA3471E9}.Debug|Win32.ActiveCfg = Debug|Win32
		{60CE3EB6-35FD-4F7C-854F-1E00EA3471E9}.Debug|Win32.Build.0 = Debug|Win32
		{60CE3EB6-35FD-4F7C-854F-1E00EA3471E9}.Debug|x64.ActiveCfg = Win64Debug|x64
		{60CE3EB6-35FD-4F7C-854F-1E00EA3471E9}.Debug|x64.Build.0 = Win64Debug|x64
		{60CE3EB6-35FD-4F7C-854F-1E00EA3471E9}.Release|Win32.ActiveCfg = Release|Win32
		{60CE3EB6-35FD-4F7C-854F-1E00EA3471E9}.Release|Win32.Build.0 = Release|Win32
		{60CE3EB6-35FD-4F7C-854F-1E00EA3471E9}.Release|x64.ActiveCfg = Win64Debug|x64
		{60CE3EB6-35FD-4F7C-854F-1E00EA3471E9}.Release|x64.Build.0 = Win64Debug|x64
		{60CE3EB6-35FD-4F7C-854F-1E00EA3471E9}.Win64Debug|Win32.ActiveCfg = Win64Debug|Win32
		{60CE3EB6-35FD-4F7C-854F-1E00EA3471E9}.Win64Debug|Win32.Build.0 = Win64Debug|Win32
		{60CE3EB6-35FD-4F7C-854F-1E00EA3471E9}.Win64Debug|x64.ActiveCfg = Win64Debug|x64
		{60CE3EB6-35FD-4F7C-854F-1E00EA3471E9}.Win64Debug|x64.Build.0 = Win64Debug|x64
		{60CE3EB6-35FD-4F7C-854F-1E00EA3471E9}.Win64Release|Win32.ActiveCfg = Win64Release|Win32
		{60CE3EB6-35FD-4F7C-854F-1E00EA3471E9}.Win64Release|Win32.Build.0 = Win64Release|Win32
		{60CE3EB6-35FD-4F7C-854F-1E00EA3471E9}.Win64Release|x64.ActiveCfg = Win64Debug|x64
		{60CE3EB6-35FD-4F7C-854F-1E00EA3471E9}.Win64Release|x64.Build.0 = Win64Debug|x64
	EndGlobalSection
	GlobalSection(SolutionProperties) = preSolution
		HideSolutionNode = FALSE
	EndGlobalSection
EndGlobal
